
Microsoft Visual Studio Solution File, Format Version 12.00
# Visual Studio Version 17
VisualStudioVersion = 17.10.35027.167
MinimumVisualStudioVersion = 10.0.40219.1
Project("{FAE04EC0-301F-11D3-BF4B-00C04F79EFBC}") = "WalkingAPI", "WalkingAPI\WalkingAPI.csproj", "{DAE321B7-7D8C-492E-9786-6F8B54E78F69}"
EndProject
Global
	GlobalSection(SolutionConfigurationPlatforms) = preSolution
		Debug|Any CPU = Debug|Any CPU
		Release|Any CPU = Release|Any CPU
	EndGlobalSection
	GlobalSection(ProjectConfigurationPlatforms) = postSolution
		{DAE321B7-7D8C-492E-9786-6F8B54E78F69}.Debug|Any CPU.ActiveCfg = Debug|Any CPU
		{DAE321B7-7D8C-492E-9786-6F8B54E78F69}.Debug|Any CPU.Build.0 = Debug|Any CPU
		{DAE321B7-7D8C-492E-9786-6F8B54E78F69}.Release|Any CPU.ActiveCfg = Release|Any CPU
		{DAE321B7-7D8C-492E-9786-6F8B54E78F69}.Release|Any CPU.Build.0 = Release|Any CPU
	EndGlobalSection
	GlobalSection(SolutionProperties) = preSolution
		HideSolutionNode = FALSE
	EndGlobalSection
	GlobalSection(ExtensibilityGlobals) = postSolution
		SolutionGuid = {CB38C3D0-7E0F-44EE-A0C1-BB8DCF31EC4D}
	EndGlobalSection
EndGlobal
